
Microsoft Visual Studio Solution File, Format Version 12.00
# Visual Studio Version 17
VisualStudioVersion = 17.9.34728.123
MinimumVisualStudioVersion = 10.0.40219.1
Project("{9A19103F-16F7-4668-BE54-9A1E7A4F7556}") = "Coursach_ver2", "Coursach_ver2\Coursach_ver2.csproj", "{8A3A61BA-3490-4BE0-BE95-5DE68FBBC063}"
EndProject
Project("{54435603-DBB4-11D2-8724-00A0C9A8B90C}") = "Setup1", "Setup1\Setup1.vdproj", "{F148F6C5-DF0B-4DE6-B619-0725C8CB1B9F}"
EndProject
Global
	GlobalSection(SolutionConfigurationPlatforms) = preSolution
		Debug|Any CPU = Debug|Any CPU
		Release|Any CPU = Release|Any CPU
	EndGlobalSection
	GlobalSection(ProjectConfigurationPlatforms) = postSolution
		{8A3A61BA-3490-4BE0-BE95-5DE68FBBC063}.Debug|Any CPU.ActiveCfg = Debug|Any CPU
		{8A3A61BA-3490-4BE0-BE95-5DE68FBBC063}.Debug|Any CPU.Build.0 = Debug|Any CPU
		{8A3A61BA-3490-4BE0-BE95-5DE68FBBC063}.Release|Any CPU.ActiveCfg = Release|Any CPU
		{8A3A61BA-3490-4BE0-BE95-5DE68FBBC063}.Release|Any CPU.Build.0 = Release|Any CPU
		{F148F6C5-DF0B-4DE6-B619-0725C8CB1B9F}.Debug|Any CPU.ActiveCfg = Debug
		{F148F6C5-DF0B-4DE6-B619-0725C8CB1B9F}.Release|Any CPU.ActiveCfg = Release
	EndGlobalSection
	GlobalSection(SolutionProperties) = preSolution
		HideSolutionNode = FALSE
	EndGlobalSection
	GlobalSection(ExtensibilityGlobals) = postSolution
		SolutionGuid = {4BBF6962-2E32-4EA6-A4E3-9126206403B2}
	EndGlobalSection
EndGlobal
